lockfileVersion: '6.0'

settings:
  autoInstallPeers: true
  excludeLinksFromLockfile: false

dependencies:
  '@actions/core':
    specifier: ^1.10.0
    version: 1.10.1
  compare-versions:
    specifier: ^6.1.0
    version: 6.1.0

packages:

  /@actions/core@1.10.1:
    resolution: {integrity: sha512-3lBR9EDAY+iYIpTnTIXmWcNbX3T2kCkAEQGIQx4NVQ0575nk2k3GRZDTPQG+vVtS2izSLmINlxXf0uLtnrTP+g==}
    dependencies:
      '@actions/http-client': 2.2.0
      uuid: 8.3.2
    dev: false

  /@actions/http-client@2.2.0:
    resolution: {integrity: sha512-q+epW0trjVUUHboliPb4UF9g2msf+w61b32tAkFEwL/IwP0DQWgbCMM0Hbe3e3WXSKz5VcUXbzJQgy8Hkra/Lg==}
    dependencies:
      tunnel: 0.0.6
      undici: 5.26.3
    dev: false

  /@fastify/busboy@2.0.0:
    resolution: {integrity: sha512-JUFJad5lv7jxj926GPgymrWQxxjPYuJNiNjNMzqT+HiuP6Vl3dk5xzG+8sTX96np0ZAluvaMzPsjhHZ5rNuNQQ==}
    engines: {node: '>=14'}
    dev: false

  /compare-versions@6.1.0:
    resolution: {integrity: sha512-LNZQXhqUvqUTotpZ00qLSaify3b4VFD588aRr8MKFw4CMUr98ytzCW5wDH5qx/DEY5kCDXcbcRuCqL0szEf2tg==}
    dev: false

  /tunnel@0.0.6:
    resolution: {integrity: sha512-1h/Lnq9yajKY2PEbBadPXj3VxsDDu844OnaAo52UVmIzIvwwtBPIuNvkjuzBlTWpfJyUbG3ez0KSBibQkj4ojg==}
    engines: {node: '>=0.6.11 <=0.7.0 || >=0.7.3'}
    dev: false

  /undici@5.26.3:
    resolution: {integrity: sha512-H7n2zmKEWgOllKkIUkLvFmsJQj062lSm3uA4EYApG8gLuiOM0/go9bIoC3HVaSnfg4xunowDE2i9p8drkXuvDw==}
    engines: {node: '>=14.0'}
    dependencies:
      '@fastify/busboy': 2.0.0
    dev: false

  /uuid@8.3.2:
    resolution: {integrity: sha512-+NYs2QeMWy+GWFOEm9xnn6HCDp0l7QBD7ml8zLUmJ+93Q5NF0NocErnwkTkXVFNiX3/fpC6afS8Dhb/gz7R7eg==}
    hasBin: true
    dev: false
