{
    "_readme": [
        "This file locks the dependencies of your project to a known state",
        "Read more about it at https://getcomposer.org/doc/01-basic-usage.md#installing-dependencies",
        "This file is @generated automatically"
    ],
    "content-hash": "583ab72b70f2c8acd65852ac977e659d",
    "packages": [
        {
            "name": "sepia/po-parser",
            "version": "6.0.2",
            "source": {
                "type": "git",
                "url": "https://github.com/pherrymason/PHP-po-parser.git",
                "reference": "391b90c6d64ebadcc89475225ce11ddbc25490cc"
            },
            "dist": {
                "type": "zip",
                "url": "https://api.github.com/repos/pherrymason/PHP-po-parser/zipball/391b90c6d64ebadcc89475225ce11ddbc25490cc",
                "reference": "391b90c6d64ebadcc89475225ce11ddbc25490cc",
                "shasum": ""
            },
            "require": {
                "php": ">=5.3",
                "symfony/polyfill-mbstring": "^1"
            },
            "require-dev": {
                "fzaninotto/faker": "^1.7",
                "phpunit/phpunit": "^4.8.36",
                "squizlabs/php_codesniffer": "^2.0"
            },
            "type": "library",
            "autoload": {
                "psr-4": {
                    "Sepia\\PoParser\\": "src/"
                }
            },
            "notification-url": "https://packagist.org/downloads/",
            "license": [
                "MIT"
            ],
            "authors": [
                {
                    "name": "Raúl Ferràs",
                    "email": "raul.ferras@gmail.com",
                    "role": "developer"
                }
            ],
            "description": "Gettext *.PO file parser for PHP.",
            "homepage": "https://github.com/raulferras/PHP-po-parser",
            "keywords": [
                "gettext",
                "i10n",
                "i18n",
                "po"
            ],
            "support": {
                "issues": "https://github.com/raulferras/PHP-po-parser/issues",
                "source": "https://github.com/pherrymason/PHP-po-parser/tree/6.0.2"
            },
            "time": "2023-08-01T13:12:08+00:00"
        },
        {
            "name": "symfony/polyfill-mbstring",
            "version": "v1.30.0",
            "source": {
                "type": "git",
                "url": "https://github.com/symfony/polyfill-mbstring.git",
                "reference": "fd22ab50000ef01661e2a31d850ebaa297f8e03c"
            },
            "dist": {
                "type": "zip",
                "url": "https://api.github.com/repos/symfony/polyfill-mbstring/zipball/fd22ab50000ef01661e2a31d850ebaa297f8e03c",
                "reference": "fd22ab50000ef01661e2a31d850ebaa297f8e03c",
                "shasum": ""
            },
            "require": {
                "php": ">=7.1"
            },
            "provide": {
                "ext-mbstring": "*"
            },
            "suggest": {
                "ext-mbstring": "For best performance"
            },
            "type": "library",
            "extra": {
                "thanks": {
                    "name": "symfony/polyfill",
                    "url": "https://github.com/symfony/polyfill"
                }
            },
            "autoload": {
                "files": [
                    "bootstrap.php"
                ],
                "psr-4": {
                    "Symfony\\Polyfill\\Mbstring\\": ""
                }
            },
            "notification-url": "https://packagist.org/downloads/",
            "license": [
                "MIT"
            ],
            "authors": [
                {
                    "name": "Nicolas Grekas",
                    "email": "p@tchwork.com"
                },
                {
                    "name": "Symfony Community",
                    "homepage": "https://symfony.com/contributors"
                }
            ],
            "description": "Symfony polyfill for the Mbstring extension",
            "homepage": "https://symfony.com",
            "keywords": [
                "compatibility",
                "mbstring",
                "polyfill",
                "portable",
                "shim"
            ],
            "support": {
                "source": "https://github.com/symfony/polyfill-mbstring/tree/v1.30.0"
            },
            "funding": [
                {
                    "url": "https://symfony.com/sponsor",
                    "type": "custom"
                },
                {
                    "url": "https://github.com/fabpot",
                    "type": "github"
                },
                {
                    "url": "https://tidelift.com/funding/github/packagist/symfony/symfony",
                    "type": "tidelift"
                }
            ],
            "time": "2024-06-19T12:30:46+00:00"
        }
    ],
    "packages-dev": [],
    "aliases": [],
    "minimum-stability": "stable",
    "stability-flags": [],
    "prefer-stable": false,
    "prefer-lowest": false,
    "platform": [],
    "platform-dev": [],
    "plugin-api-version": "2.1.0"
}
