{
  "name": "@centreon/frontend-config",
  "version": "22.4.7-MON-npm-package-publication-dev-2204x.0",
  "lockfileVersion": 2,
  "requires": true,
  "packages": {
    "": {
      "name": "@centreon/frontend-config",
      "version": "22.4.7-MON-npm-package-publication-dev-2204x.0",
      "license": "GPL-2.0"
    }
  }
}
