{
  "name": "centreon-frontend",
  "version": "21.10.0",
  "lockfileVersion": 2,
  "requires": true,
  "packages": {
    "": {
      "version": "21.10.0",
      "license": "GPL-2.0",
      "dependencies": {
        "@dnd-kit/core": "^1.1.0",
        "@dnd-kit/modifiers": "^1.0.5",
        "@dnd-kit/sortable": "^1.0.2",
        "@dnd-kit/utilities": "^1.0.2",
        "anylogger": "^1.0.11",
        "dayjs": "^1.9.4",
        "humanize-duration": "^3.25.1",
        "react-files": "^3.0.0-alpha.1",
        "react-router-dom": "^5.2.0",
        "resize-observer-polyfill": "^1.5.1",
        "ulog": "^2.0.0-beta.18"
      }
    },
    "node_modules/@babel/runtime": {
      "version": "7.14.0",
      "resolved": "https://registry.npmjs.org/@babel/runtime/-/runtime-7.14.0.tgz",
      "integrity": "sha512-JELkvo/DlpNdJ7dlyw/eY7E0suy5i5GQH+Vlxaq1nsNJ+H7f4Vtv3jMeCEgRhZZQFXTjldYfQgv2qmM6M1v5wA==",
      "dependencies": {
        "regenerator-runtime": "^0.13.4"
      }
    },
    "node_modules/@dnd-kit/accessibility": {
      "version": "1.0.2",
      "resolved": "https://registry.npmjs.org/@dnd-kit/accessibility/-/accessibility-1.0.2.tgz",
      "integrity": "sha512-aQq+B4But+369cYYtmXPUhqf26Fy9b/nR+uAP4cbhf3TXMlCqorT7bO7dT7cNe+me2DOf61GVr0mkrWtfsvR3A==",
      "dependencies": {
        "tslib": "^2.0.0"
      },
      "peerDependencies": {
        "react": ">=16.8.0"
      }
    },
    "node_modules/@dnd-kit/core": {
      "version": "1.2.0",
      "resolved": "https://registry.npmjs.org/@dnd-kit/core/-/core-1.2.0.tgz",
      "integrity": "sha512-lCwVgm0gi8/+d4d/lxZEH7I8A9AHo4JetRvnF5iipJoxNw4hyBP5WPHuR/awCPywD3d4JrQNcCmzWMrxxOg6zA==",
      "dependencies": {
        "@dnd-kit/accessibility": "^1.0.2",
        "@dnd-kit/utilities": "^1.0.2",
        "tslib": "^2.0.0"
      },
      "peerDependencies": {
        "react": ">=16.8.0",
        "react-dom": ">=16.8.0"
      }
    },
    "node_modules/@dnd-kit/modifiers": {
      "version": "1.0.5",
      "resolved": "https://registry.npmjs.org/@dnd-kit/modifiers/-/modifiers-1.0.5.tgz",
      "integrity": "sha512-MEy2a6rwCuQs0I7HYYgYGNwoI2F9QeIKdOWwnnDpsnJ+/d+W8MynTCdjrIYAc3yqwXg5dPpQJkSJMSpaHpt0Jw==",
      "dependencies": {
        "@dnd-kit/core": "^2.0.0",
        "@dnd-kit/utilities": "^1.0.3",
        "tslib": "^2.0.0"
      }
    },
    "node_modules/@dnd-kit/modifiers/node_modules/@dnd-kit/accessibility": {
      "version": "2.0.0",
      "resolved": "https://registry.npmjs.org/@dnd-kit/accessibility/-/accessibility-2.0.0.tgz",
      "integrity": "sha512-L0KOQnqFR0MJ/IwJIS1A0tvgr47LrWzclJy7wW5i8/3rkdixUzkiD78rYnX7TrFnFNtuEgVxiGSsX2oIlulmUg==",
      "dependencies": {
        "tslib": "^2.0.0"
      },
      "peerDependencies": {
        "react": ">=16.8.0"
      }
    },
    "node_modules/@dnd-kit/modifiers/node_modules/@dnd-kit/core": {
      "version": "2.1.2",
      "resolved": "https://registry.npmjs.org/@dnd-kit/core/-/core-2.1.2.tgz",
      "integrity": "sha512-mJFKQUWOWq/yuD3jfPON4DuwWVGN/eS8s7GX9I5GbjG3i7Udt8I6ij1ZFinISSTTZxNVdBBcRKO4ctRecDkNKA==",
      "dependencies": {
        "@dnd-kit/accessibility": "^2.0.0",
        "@dnd-kit/utilities": "^1.0.2",
        "tslib": "^2.0.0"
      },
      "peerDependencies": {
        "react": ">=16.8.0",
        "react-dom": ">=16.8.0"
      }
    },
    "node_modules/@dnd-kit/sortable": {
      "version": "1.1.0",
      "resolved": "https://registry.npmjs.org/@dnd-kit/sortable/-/sortable-1.1.0.tgz",
      "integrity": "sha512-3FD2hUg2+2QB4yv1aj8FmG1LFSinVvGBnNWoMkufILd4KnSrE4T5aeqKGkRfkDDzfCAIpYsuHBaj0ebQoyhy1g==",
      "dependencies": {
        "@dnd-kit/core": "^1.2.0",
        "@dnd-kit/utilities": "^1.0.2",
        "tslib": "^2.0.0"
      },
      "peerDependencies": {
        "react": ">=16.8.0"
      }
    },
    "node_modules/@dnd-kit/utilities": {
      "version": "1.0.3",
      "resolved": "https://registry.npmjs.org/@dnd-kit/utilities/-/utilities-1.0.3.tgz",
      "integrity": "sha512-TlbsZ3pSiJ6jTDVuGDLY7yoHAjaiFyBWctxDslxAocUeCQVDlcpkGXcPtUKYyGczruUoYapsKlZS5rhLDR+RUg==",
      "dependencies": {
        "tslib": "^2.0.0"
      }
    },
    "node_modules/anylogger": {
      "version": "1.0.11",
      "resolved": "https://registry.npmjs.org/anylogger/-/anylogger-1.0.11.tgz",
      "integrity": "sha512-sKTWPTG2/d71kLGVmymMJQQslUppxvCz6DN/eODL3/ckmfygZzD0t4P5tRXE3qpM62jI98F/YTHHzFhM12jiJQ=="
    },
    "node_modules/dayjs": {
      "version": "1.10.5",
      "resolved": "https://registry.npmjs.org/dayjs/-/dayjs-1.10.5.tgz",
      "integrity": "sha512-BUFis41ikLz+65iH6LHQCDm4YPMj5r1YFLdupPIyM4SGcXMmtiLQ7U37i+hGS8urIuqe7I/ou3IS1jVc4nbN4g=="
    },
    "node_modules/history": {
      "version": "4.10.1",
      "resolved": "https://registry.npmjs.org/history/-/history-4.10.1.tgz",
      "integrity": "sha512-36nwAD620w12kuzPAsyINPWJqlNbij+hpK1k9XRloDtym8mxzGYl2c17LnV6IAGB2Dmg4tEa7G7DlawS0+qjew==",
      "dependencies": {
        "@babel/runtime": "^7.1.2",
        "loose-envify": "^1.2.0",
        "resolve-pathname": "^3.0.0",
        "tiny-invariant": "^1.0.2",
        "tiny-warning": "^1.0.0",
        "value-equal": "^1.0.1"
      }
    },
    "node_modules/hoist-non-react-statics": {
      "version": "3.3.2",
      "resolved": "https://registry.npmjs.org/hoist-non-react-statics/-/hoist-non-react-statics-3.3.2.tgz",
      "integrity": "sha512-/gGivxi8JPKWNm/W0jSmzcMPpfpPLc3dY/6GxhX2hQ9iGj3aDfklV4ET7NjKpSinLpJ5vafa9iiGIEZg10SfBw==",
      "dependencies": {
        "react-is": "^16.7.0"
      }
    },
    "node_modules/humanize-duration": {
      "version": "3.26.0",
      "resolved": "https://registry.npmjs.org/humanize-duration/-/humanize-duration-3.26.0.tgz",
      "integrity": "sha512-SddekX3p5ApvPY6bbAYppGKe874jP6iFZXYtrQToDV4R0j2UpTYPqwTFM2QpXpuw9DhS/eXTUnKYTF9TbXAJ6A=="
    },
    "node_modules/isarray": {
      "version": "0.0.1",
      "resolved": "https://registry.npmjs.org/isarray/-/isarray-0.0.1.tgz",
      "integrity": "sha1-ihis/Kmo9Bd+Cav8YDiTmwXR7t8="
    },
    "node_modules/js-tokens": {
      "version": "4.0.0",
      "resolved": "https://registry.npmjs.org/js-tokens/-/js-tokens-4.0.0.tgz",
      "integrity": "sha512-RdJUflcE3cUzKiMqQgsCu06FPu9UdIJO0beYbPhHN4k6apgJtifcoCtT9bcxOpYBtpD2kCM6Sbzg4CausW/PKQ=="
    },
    "node_modules/kurly": {
      "version": "2.0.0-beta.3",
      "resolved": "https://registry.npmjs.org/kurly/-/kurly-2.0.0-beta.3.tgz",
      "integrity": "sha512-WXSRkhL2VV9lI/sPomBDV9Xf4oQ1s/RiUqzxKt4slkG7ndCxcDfXJ2ZXdxEYDRfevnkSOxmiVX3etunBlHqTAw=="
    },
    "node_modules/loose-envify": {
      "version": "1.4.0",
      "resolved": "https://registry.npmjs.org/loose-envify/-/loose-envify-1.4.0.tgz",
      "integrity": "sha512-lyuxPGr/Wfhrlem2CL/UcnUc1zcqKAImBDzukY7Y5F/yQiNdko6+fRLevlw1HgMySw7f611UIY408EtxRSoK3Q==",
      "dependencies": {
        "js-tokens": "^3.0.0 || ^4.0.0"
      },
      "bin": {
        "loose-envify": "cli.js"
      }
    },
    "node_modules/mini-create-react-context": {
      "version": "0.4.1",
      "resolved": "https://registry.npmjs.org/mini-create-react-context/-/mini-create-react-context-0.4.1.tgz",
      "integrity": "sha512-YWCYEmd5CQeHGSAKrYvXgmzzkrvssZcuuQDDeqkT+PziKGMgE+0MCCtcKbROzocGBG1meBLl2FotlRwf4gAzbQ==",
      "dependencies": {
        "@babel/runtime": "^7.12.1",
        "tiny-warning": "^1.0.3"
      },
      "peerDependencies": {
        "prop-types": "^15.0.0",
        "react": "^0.14.0 || ^15.0.0 || ^16.0.0 || ^17.0.0"
      }
    },
    "node_modules/object-assign": {
      "version": "4.1.1",
      "resolved": "https://registry.npmjs.org/object-assign/-/object-assign-4.1.1.tgz",
      "integrity": "sha1-IQmtx5ZYh8/AXLvUQsrIv7s2CGM=",
      "engines": {
        "node": ">=0.10.0"
      }
    },
    "node_modules/path-to-regexp": {
      "version": "1.8.0",
      "resolved": "https://registry.npmjs.org/path-to-regexp/-/path-to-regexp-1.8.0.tgz",
      "integrity": "sha512-n43JRhlUKUAlibEJhPeir1ncUID16QnEjNpwzNdO3Lm4ywrBpBZ5oLD0I6br9evr1Y9JTqwRtAh7JLoOzAQdVA==",
      "dependencies": {
        "isarray": "0.0.1"
      }
    },
    "node_modules/prop-types": {
      "version": "15.7.2",
      "resolved": "https://registry.npmjs.org/prop-types/-/prop-types-15.7.2.tgz",
      "integrity": "sha512-8QQikdH7//R2vurIJSutZ1smHYTcLpRWEOlHnzcWHmBYrOGUysKwSsrC89BCiFj3CbrfJ/nXFdJepOVrY1GCHQ==",
      "dependencies": {
        "loose-envify": "^1.4.0",
        "object-assign": "^4.1.1",
        "react-is": "^16.8.1"
      }
    },
    "node_modules/react-files": {
      "version": "3.0.0-alpha.1",
      "resolved": "https://registry.npmjs.org/react-files/-/react-files-3.0.0-alpha.1.tgz",
      "integrity": "sha512-GAb3J2RhrGJIPSBnPYqGEppDgnLcaF8ok4gsND0jHkyMd14Jw1yhiTLber+uuAsifp2pfN0azA8x255EWr8zxw==",
      "peerDependencies": {
        "react": "^16.8.0"
      }
    },
    "node_modules/react-is": {
      "version": "16.13.1",
      "resolved": "https://registry.npmjs.org/react-is/-/react-is-16.13.1.tgz",
      "integrity": "sha512-24e6ynE2H+OKt4kqsOvNd8kBpV65zoxbA4BVsEOB3ARVWQki/DHzaUoC5KuON/BiccDaCCTZBuOcfZs70kR8bQ=="
    },
    "node_modules/react-router": {
      "version": "5.2.0",
      "resolved": "https://registry.npmjs.org/react-router/-/react-router-5.2.0.tgz",
      "integrity": "sha512-smz1DUuFHRKdcJC0jobGo8cVbhO3x50tCL4icacOlcwDOEQPq4TMqwx3sY1TP+DvtTgz4nm3thuo7A+BK2U0Dw==",
      "dependencies": {
        "@babel/runtime": "^7.1.2",
        "history": "^4.9.0",
        "hoist-non-react-statics": "^3.1.0",
        "loose-envify": "^1.3.1",
        "mini-create-react-context": "^0.4.0",
        "path-to-regexp": "^1.7.0",
        "prop-types": "^15.6.2",
        "react-is": "^16.6.0",
        "tiny-invariant": "^1.0.2",
        "tiny-warning": "^1.0.0"
      },
      "peerDependencies": {
        "react": ">=15"
      }
    },
    "node_modules/react-router-dom": {
      "version": "5.2.0",
      "resolved": "https://registry.npmjs.org/react-router-dom/-/react-router-dom-5.2.0.tgz",
      "integrity": "sha512-gxAmfylo2QUjcwxI63RhQ5G85Qqt4voZpUXSEqCwykV0baaOTQDR1f0PmY8AELqIyVc0NEZUj0Gov5lNGcXgsA==",
      "dependencies": {
        "@babel/runtime": "^7.1.2",
        "history": "^4.9.0",
        "loose-envify": "^1.3.1",
        "prop-types": "^15.6.2",
        "react-router": "5.2.0",
        "tiny-invariant": "^1.0.2",
        "tiny-warning": "^1.0.0"
      },
      "peerDependencies": {
        "react": ">=15"
      }
    },
    "node_modules/regenerator-runtime": {
      "version": "0.13.7",
      "resolved": "https://registry.npmjs.org/regenerator-runtime/-/regenerator-runtime-0.13.7.tgz",
      "integrity": "sha512-a54FxoJDIr27pgf7IgeQGxmqUNYrcV338lf/6gH456HZ/PhX+5BcwHXG9ajESmwe6WRO0tAzRUrRmNONWgkrew=="
    },
    "node_modules/resize-observer-polyfill": {
      "version": "1.5.1",
      "resolved": "https://registry.npmjs.org/resize-observer-polyfill/-/resize-observer-polyfill-1.5.1.tgz",
      "integrity": "sha512-LwZrotdHOo12nQuZlHEmtuXdqGoOD0OhaxopaNFxWzInpEgaLWoVuAMbTzixuosCx2nEG58ngzW3vxdWoxIgdg=="
    },
    "node_modules/resolve-pathname": {
      "version": "3.0.0",
      "resolved": "https://registry.npmjs.org/resolve-pathname/-/resolve-pathname-3.0.0.tgz",
      "integrity": "sha512-C7rARubxI8bXFNB/hqcp/4iUeIXJhJZvFPFPiSPRnhU5UPxzMFIl+2E6yY6c4k9giDJAhtV+enfA+G89N6Csng=="
    },
    "node_modules/tiny-invariant": {
      "version": "1.1.0",
      "resolved": "https://registry.npmjs.org/tiny-invariant/-/tiny-invariant-1.1.0.tgz",
      "integrity": "sha512-ytxQvrb1cPc9WBEI/HSeYYoGD0kWnGEOR8RY6KomWLBVhqz0RgTwVO9dLrGz7dC+nN9llyI7OKAgRq8Vq4ZBSw=="
    },
    "node_modules/tiny-warning": {
      "version": "1.0.3",
      "resolved": "https://registry.npmjs.org/tiny-warning/-/tiny-warning-1.0.3.tgz",
      "integrity": "sha512-lBN9zLN/oAf68o3zNXYrdCt1kP8WsiGW8Oo2ka41b2IM5JL/S1CTyX1rW0mb/zSuJun0ZUrDxx4sqvYS2FWzPA=="
    },
    "node_modules/tslib": {
      "version": "2.2.0",
      "resolved": "https://registry.npmjs.org/tslib/-/tslib-2.2.0.tgz",
      "integrity": "sha512-gS9GVHRU+RGn5KQM2rllAlR3dU6m7AcpJKdtH8gFvQiC4Otgk98XnmMU+nZenHt/+VhnBPWwgrJsyrdcw6i23w=="
    },
    "node_modules/ulog": {
      "version": "2.0.0-beta.18",
      "resolved": "https://registry.npmjs.org/ulog/-/ulog-2.0.0-beta.18.tgz",
      "integrity": "sha512-VDu/VBOAJxUr2+WBrNdSWSFc9TzjUppf5hNVTYkW3hf23oEWMYftS0w2cImoH6tKnhBvzCy/z6ZNgorPYyfnWA==",
      "dependencies": {
        "anylogger": "^1.0.10",
        "kurly": "^2.0.0-beta.3"
      },
      "peerDependencies": {
        "anylogger": "^1.0.10"
      }
    },
    "node_modules/value-equal": {
      "version": "1.0.1",
      "resolved": "https://registry.npmjs.org/value-equal/-/value-equal-1.0.1.tgz",
      "integrity": "sha512-NOJ6JZCAWr0zlxZt+xqCHNTEKOsrks2HQd4MqhP1qy4z1SkbEP467eNx6TgDKXMvUOb+OENfJCZwM+16n7fRfw=="
    }
  },
  "dependencies": {
    "@babel/runtime": {
      "version": "7.14.0",
      "resolved": "https://registry.npmjs.org/@babel/runtime/-/runtime-7.14.0.tgz",
      "integrity": "sha512-JELkvo/DlpNdJ7dlyw/eY7E0suy5i5GQH+Vlxaq1nsNJ+H7f4Vtv3jMeCEgRhZZQFXTjldYfQgv2qmM6M1v5wA==",
      "requires": {
        "regenerator-runtime": "^0.13.4"
      }
    },
    "@dnd-kit/accessibility": {
      "version": "1.0.2",
      "resolved": "https://registry.npmjs.org/@dnd-kit/accessibility/-/accessibility-1.0.2.tgz",
      "integrity": "sha512-aQq+B4But+369cYYtmXPUhqf26Fy9b/nR+uAP4cbhf3TXMlCqorT7bO7dT7cNe+me2DOf61GVr0mkrWtfsvR3A==",
      "requires": {
        "tslib": "^2.0.0"
      }
    },
    "@dnd-kit/core": {
      "version": "1.2.0",
      "resolved": "https://registry.npmjs.org/@dnd-kit/core/-/core-1.2.0.tgz",
      "integrity": "sha512-lCwVgm0gi8/+d4d/lxZEH7I8A9AHo4JetRvnF5iipJoxNw4hyBP5WPHuR/awCPywD3d4JrQNcCmzWMrxxOg6zA==",
      "requires": {
        "@dnd-kit/accessibility": "^1.0.2",
        "@dnd-kit/utilities": "^1.0.2",
        "tslib": "^2.0.0"
      }
    },
    "@dnd-kit/modifiers": {
      "version": "1.0.5",
      "resolved": "https://registry.npmjs.org/@dnd-kit/modifiers/-/modifiers-1.0.5.tgz",
      "integrity": "sha512-MEy2a6rwCuQs0I7HYYgYGNwoI2F9QeIKdOWwnnDpsnJ+/d+W8MynTCdjrIYAc3yqwXg5dPpQJkSJMSpaHpt0Jw==",
      "requires": {
        "@dnd-kit/core": "^2.0.0",
        "@dnd-kit/utilities": "^1.0.3",
        "tslib": "^2.0.0"
      },
      "dependencies": {
        "@dnd-kit/accessibility": {
          "version": "2.0.0",
          "resolved": "https://registry.npmjs.org/@dnd-kit/accessibility/-/accessibility-2.0.0.tgz",
          "integrity": "sha512-L0KOQnqFR0MJ/IwJIS1A0tvgr47LrWzclJy7wW5i8/3rkdixUzkiD78rYnX7TrFnFNtuEgVxiGSsX2oIlulmUg==",
          "requires": {
            "tslib": "^2.0.0"
          }
        },
        "@dnd-kit/core": {
          "version": "2.1.2",
          "resolved": "https://registry.npmjs.org/@dnd-kit/core/-/core-2.1.2.tgz",
          "integrity": "sha512-mJFKQUWOWq/yuD3jfPON4DuwWVGN/eS8s7GX9I5GbjG3i7Udt8I6ij1ZFinISSTTZxNVdBBcRKO4ctRecDkNKA==",
          "requires": {
            "@dnd-kit/accessibility": "^2.0.0",
            "@dnd-kit/utilities": "^1.0.2",
            "tslib": "^2.0.0"
          }
        }
      }
    },
    "@dnd-kit/sortable": {
      "version": "1.1.0",
      "resolved": "https://registry.npmjs.org/@dnd-kit/sortable/-/sortable-1.1.0.tgz",
      "integrity": "sha512-3FD2hUg2+2QB4yv1aj8FmG1LFSinVvGBnNWoMkufILd4KnSrE4T5aeqKGkRfkDDzfCAIpYsuHBaj0ebQoyhy1g==",
      "requires": {
        "@dnd-kit/core": "^1.2.0",
        "@dnd-kit/utilities": "^1.0.2",
        "tslib": "^2.0.0"
      }
    },
    "@dnd-kit/utilities": {
      "version": "1.0.3",
      "resolved": "https://registry.npmjs.org/@dnd-kit/utilities/-/utilities-1.0.3.tgz",
      "integrity": "sha512-TlbsZ3pSiJ6jTDVuGDLY7yoHAjaiFyBWctxDslxAocUeCQVDlcpkGXcPtUKYyGczruUoYapsKlZS5rhLDR+RUg==",
      "requires": {
        "tslib": "^2.0.0"
      }
    },
    "anylogger": {
      "version": "1.0.11",
      "resolved": "https://registry.npmjs.org/anylogger/-/anylogger-1.0.11.tgz",
      "integrity": "sha512-sKTWPTG2/d71kLGVmymMJQQslUppxvCz6DN/eODL3/ckmfygZzD0t4P5tRXE3qpM62jI98F/YTHHzFhM12jiJQ=="
    },
    "dayjs": {
      "version": "1.10.5",
      "resolved": "https://registry.npmjs.org/dayjs/-/dayjs-1.10.5.tgz",
      "integrity": "sha512-BUFis41ikLz+65iH6LHQCDm4YPMj5r1YFLdupPIyM4SGcXMmtiLQ7U37i+hGS8urIuqe7I/ou3IS1jVc4nbN4g=="
    },
    "history": {
      "version": "4.10.1",
      "resolved": "https://registry.npmjs.org/history/-/history-4.10.1.tgz",
      "integrity": "sha512-36nwAD620w12kuzPAsyINPWJqlNbij+hpK1k9XRloDtym8mxzGYl2c17LnV6IAGB2Dmg4tEa7G7DlawS0+qjew==",
      "requires": {
        "@babel/runtime": "^7.1.2",
        "loose-envify": "^1.2.0",
        "resolve-pathname": "^3.0.0",
        "tiny-invariant": "^1.0.2",
        "tiny-warning": "^1.0.0",
        "value-equal": "^1.0.1"
      }
    },
    "hoist-non-react-statics": {
      "version": "3.3.2",
      "resolved": "https://registry.npmjs.org/hoist-non-react-statics/-/hoist-non-react-statics-3.3.2.tgz",
      "integrity": "sha512-/gGivxi8JPKWNm/W0jSmzcMPpfpPLc3dY/6GxhX2hQ9iGj3aDfklV4ET7NjKpSinLpJ5vafa9iiGIEZg10SfBw==",
      "requires": {
        "react-is": "^16.7.0"
      }
    },
    "humanize-duration": {
      "version": "3.26.0",
      "resolved": "https://registry.npmjs.org/humanize-duration/-/humanize-duration-3.26.0.tgz",
      "integrity": "sha512-SddekX3p5ApvPY6bbAYppGKe874jP6iFZXYtrQToDV4R0j2UpTYPqwTFM2QpXpuw9DhS/eXTUnKYTF9TbXAJ6A=="
    },
    "isarray": {
      "version": "0.0.1",
      "resolved": "https://registry.npmjs.org/isarray/-/isarray-0.0.1.tgz",
      "integrity": "sha1-ihis/Kmo9Bd+Cav8YDiTmwXR7t8="
    },
    "js-tokens": {
      "version": "4.0.0",
      "resolved": "https://registry.npmjs.org/js-tokens/-/js-tokens-4.0.0.tgz",
      "integrity": "sha512-RdJUflcE3cUzKiMqQgsCu06FPu9UdIJO0beYbPhHN4k6apgJtifcoCtT9bcxOpYBtpD2kCM6Sbzg4CausW/PKQ=="
    },
    "kurly": {
      "version": "2.0.0-beta.3",
      "resolved": "https://registry.npmjs.org/kurly/-/kurly-2.0.0-beta.3.tgz",
      "integrity": "sha512-WXSRkhL2VV9lI/sPomBDV9Xf4oQ1s/RiUqzxKt4slkG7ndCxcDfXJ2ZXdxEYDRfevnkSOxmiVX3etunBlHqTAw=="
    },
    "loose-envify": {
      "version": "1.4.0",
      "resolved": "https://registry.npmjs.org/loose-envify/-/loose-envify-1.4.0.tgz",
      "integrity": "sha512-lyuxPGr/Wfhrlem2CL/UcnUc1zcqKAImBDzukY7Y5F/yQiNdko6+fRLevlw1HgMySw7f611UIY408EtxRSoK3Q==",
      "requires": {
        "js-tokens": "^3.0.0 || ^4.0.0"
      }
    },
    "mini-create-react-context": {
      "version": "0.4.1",
      "resolved": "https://registry.npmjs.org/mini-create-react-context/-/mini-create-react-context-0.4.1.tgz",
      "integrity": "sha512-YWCYEmd5CQeHGSAKrYvXgmzzkrvssZcuuQDDeqkT+PziKGMgE+0MCCtcKbROzocGBG1meBLl2FotlRwf4gAzbQ==",
      "requires": {
        "@babel/runtime": "^7.12.1",
        "tiny-warning": "^1.0.3"
      }
    },
    "object-assign": {
      "version": "4.1.1",
      "resolved": "https://registry.npmjs.org/object-assign/-/object-assign-4.1.1.tgz",
      "integrity": "sha1-IQmtx5ZYh8/AXLvUQsrIv7s2CGM="
    },
    "path-to-regexp": {
      "version": "1.8.0",
      "resolved": "https://registry.npmjs.org/path-to-regexp/-/path-to-regexp-1.8.0.tgz",
      "integrity": "sha512-n43JRhlUKUAlibEJhPeir1ncUID16QnEjNpwzNdO3Lm4ywrBpBZ5oLD0I6br9evr1Y9JTqwRtAh7JLoOzAQdVA==",
      "requires": {
        "isarray": "0.0.1"
      }
    },
    "prop-types": {
      "version": "15.7.2",
      "resolved": "https://registry.npmjs.org/prop-types/-/prop-types-15.7.2.tgz",
      "integrity": "sha512-8QQikdH7//R2vurIJSutZ1smHYTcLpRWEOlHnzcWHmBYrOGUysKwSsrC89BCiFj3CbrfJ/nXFdJepOVrY1GCHQ==",
      "requires": {
        "loose-envify": "^1.4.0",
        "object-assign": "^4.1.1",
        "react-is": "^16.8.1"
      }
    },
    "react-files": {
      "version": "3.0.0-alpha.1",
      "resolved": "https://registry.npmjs.org/react-files/-/react-files-3.0.0-alpha.1.tgz",
      "integrity": "sha512-GAb3J2RhrGJIPSBnPYqGEppDgnLcaF8ok4gsND0jHkyMd14Jw1yhiTLber+uuAsifp2pfN0azA8x255EWr8zxw=="
    },
    "react-is": {
      "version": "16.13.1",
      "resolved": "https://registry.npmjs.org/react-is/-/react-is-16.13.1.tgz",
      "integrity": "sha512-24e6ynE2H+OKt4kqsOvNd8kBpV65zoxbA4BVsEOB3ARVWQki/DHzaUoC5KuON/BiccDaCCTZBuOcfZs70kR8bQ=="
    },
    "react-router": {
      "version": "5.2.0",
      "resolved": "https://registry.npmjs.org/react-router/-/react-router-5.2.0.tgz",
      "integrity": "sha512-smz1DUuFHRKdcJC0jobGo8cVbhO3x50tCL4icacOlcwDOEQPq4TMqwx3sY1TP+DvtTgz4nm3thuo7A+BK2U0Dw==",
      "requires": {
        "@babel/runtime": "^7.1.2",
        "history": "^4.9.0",
        "hoist-non-react-statics": "^3.1.0",
        "loose-envify": "^1.3.1",
        "mini-create-react-context": "^0.4.0",
        "path-to-regexp": "^1.7.0",
        "prop-types": "^15.6.2",
        "react-is": "^16.6.0",
        "tiny-invariant": "^1.0.2",
        "tiny-warning": "^1.0.0"
      }
    },
    "react-router-dom": {
      "version": "5.2.0",
      "resolved": "https://registry.npmjs.org/react-router-dom/-/react-router-dom-5.2.0.tgz",
      "integrity": "sha512-gxAmfylo2QUjcwxI63RhQ5G85Qqt4voZpUXSEqCwykV0baaOTQDR1f0PmY8AELqIyVc0NEZUj0Gov5lNGcXgsA==",
      "requires": {
        "@babel/runtime": "^7.1.2",
        "history": "^4.9.0",
        "loose-envify": "^1.3.1",
        "prop-types": "^15.6.2",
        "react-router": "5.2.0",
        "tiny-invariant": "^1.0.2",
        "tiny-warning": "^1.0.0"
      }
    },
    "regenerator-runtime": {
      "version": "0.13.7",
      "resolved": "https://registry.npmjs.org/regenerator-runtime/-/regenerator-runtime-0.13.7.tgz",
      "integrity": "sha512-a54FxoJDIr27pgf7IgeQGxmqUNYrcV338lf/6gH456HZ/PhX+5BcwHXG9ajESmwe6WRO0tAzRUrRmNONWgkrew=="
    },
    "resize-observer-polyfill": {
      "version": "1.5.1",
      "resolved": "https://registry.npmjs.org/resize-observer-polyfill/-/resize-observer-polyfill-1.5.1.tgz",
      "integrity": "sha512-LwZrotdHOo12nQuZlHEmtuXdqGoOD0OhaxopaNFxWzInpEgaLWoVuAMbTzixuosCx2nEG58ngzW3vxdWoxIgdg=="
    },
    "resolve-pathname": {
      "version": "3.0.0",
      "resolved": "https://registry.npmjs.org/resolve-pathname/-/resolve-pathname-3.0.0.tgz",
      "integrity": "sha512-C7rARubxI8bXFNB/hqcp/4iUeIXJhJZvFPFPiSPRnhU5UPxzMFIl+2E6yY6c4k9giDJAhtV+enfA+G89N6Csng=="
    },
    "tiny-invariant": {
      "version": "1.1.0",
      "resolved": "https://registry.npmjs.org/tiny-invariant/-/tiny-invariant-1.1.0.tgz",
      "integrity": "sha512-ytxQvrb1cPc9WBEI/HSeYYoGD0kWnGEOR8RY6KomWLBVhqz0RgTwVO9dLrGz7dC+nN9llyI7OKAgRq8Vq4ZBSw=="
    },
    "tiny-warning": {
      "version": "1.0.3",
      "resolved": "https://registry.npmjs.org/tiny-warning/-/tiny-warning-1.0.3.tgz",
      "integrity": "sha512-lBN9zLN/oAf68o3zNXYrdCt1kP8WsiGW8Oo2ka41b2IM5JL/S1CTyX1rW0mb/zSuJun0ZUrDxx4sqvYS2FWzPA=="
    },
    "tslib": {
      "version": "2.2.0",
      "resolved": "https://registry.npmjs.org/tslib/-/tslib-2.2.0.tgz",
      "integrity": "sha512-gS9GVHRU+RGn5KQM2rllAlR3dU6m7AcpJKdtH8gFvQiC4Otgk98XnmMU+nZenHt/+VhnBPWwgrJsyrdcw6i23w=="
    },
    "ulog": {
      "version": "2.0.0-beta.18",
      "resolved": "https://registry.npmjs.org/ulog/-/ulog-2.0.0-beta.18.tgz",
      "integrity": "sha512-VDu/VBOAJxUr2+WBrNdSWSFc9TzjUppf5hNVTYkW3hf23oEWMYftS0w2cImoH6tKnhBvzCy/z6ZNgorPYyfnWA==",
      "requires": {
        "anylogger": "^1.0.10",
        "kurly": "^2.0.0-beta.3"
      }
    },
    "value-equal": {
      "version": "1.0.1",
      "resolved": "https://registry.npmjs.org/value-equal/-/value-equal-1.0.1.tgz",
      "integrity": "sha512-NOJ6JZCAWr0zlxZt+xqCHNTEKOsrks2HQd4MqhP1qy4z1SkbEP467eNx6TgDKXMvUOb+OENfJCZwM+16n7fRfw=="
    }
  }
}
